// !$*UTF8*$!
{
	archiveVersion = 1;
	classes = {
	};
	objectVersion = 50;
	objects = {

/* Begin PBXBuildFile section */
		BE0FA77320B6734200DBC191 /* AppDelegate.swift in Sources */ = {isa = PBXBuildFile; fileRef = BE0FA77220B6734200DBC191 /* AppDelegate.swift */; };
		BE0FA77520B6734200DBC191 /* ViewController.swift in Sources */ = {isa = PBXBuildFile; fileRef = BE0FA77420B6734200DBC191 /* ViewController.swift */; };
		BE0FA77820B6734200DBC191 /* Main.storyboard in Resources */ = {isa = PBXBuildFile; fileRef = BE0FA77620B6734200DBC191 /* Main.storyboard */; };
		BE0FA77B20B6734200DBC191 /* FIRE.xcdatamodeld in Sources */ = {isa = PBXBuildFile; fileRef = BE0FA77920B6734200DBC191 /* FIRE.xcdatamodeld */; };
		BE0FA77D20B6734600DBC191 /* Assets.xcassets in Resources */ = {isa = PBXBuildFile; fileRef = BE0FA77C20B6734600DBC191 /* Assets.xcassets */; };
		BE0FA78020B6734600DBC191 /* LaunchScreen.storyboard in Resources */ = {isa = PBXBuildFile; fileRef = BE0FA77E20B6734600DBC191 /* LaunchScreen.storyboard */; };
/* End PBXBuildFile section */

/* Begin PBXFileReference section */
		BE0FA76F20B6734200DBC191 /* FIRE.app */ = {isa = PBXFileReference; explicitFileType = wrapper.application; includeInIndex = 0; path = FIRE.app; sourceTree = BUILT_PRODUCTS_DIR; };
		BE0FA77220B6734200DBC191 /* AppDelegate.swift */ = {isa = PBXFileReference; lastKnownFileType = sourcecode.swift; path = AppDelegate.swift; sourceTree = "<group>"; };
		BE0FA77420B6734200DBC191 /* ViewController.swift */ = {isa = PBXFileReference; lastKnownFileType = sourcecode.swift; path = ViewController.swift; sourceTree = "<group>"; };
		BE0FA77720B6734200DBC191 /* Base */ = {isa = PBXFileReference; lastKnownFileType = file.storyboard; name = Base; path = Base.lproj/Main.storyboard; sourceTree = "<group>"; };
		BE0FA77A20B6734200DBC191 /* FIRE.xcdatamodel */ = {isa = PBXFileReference; lastKnownFileType = wrapper.xcdatamodel; path = FIRE.xcdatamodel; sourceTree = "<group>"; };
		BE0FA77C20B6734600DBC191 /* Assets.xcassets */ = {isa = PBXFileReference; lastKnownFileType = folder.assetcatalog; path = Assets.xcassets; sourceTree = "<group>"; };
		BE0FA77F20B6734600DBC191 /* Base */ = {isa = PBXFileReference; lastKnownFileType = file.storyboard; name = Base; path = Base.lproj/LaunchScreen.storyboard; sourceTree = "<group>"; };
		BE0FA78120B6734700DBC191 /* Info.plist */ = {isa = PBXFileReference; lastKnownFileType = text.plist.xml; path = Info.plist; sourceTree = "<group>"; };
/* End PBXFileReference section */

/* Begin PBXFrameworksBuildPhase section */
		BE0FA76C20B6734200DBC191 /* Frameworks */ = {
			isa = PBXFrameworksBuildPhase;
			buildActionMask = 2147483647;
			files = (
			);
			runOnlyForDeploymentPostprocessing = 0;
		};
/* End PBXFrameworksBuildPhase section */

/* Begin PBXGroup section */
		BE0FA76620B6734200DBC191 = {
			isa = PBXGroup;
			children = (
				BE0FA77120B6734200DBC191 /* FIRE */,
				BE0FA77020B6734200DBC191 /* Products */,
			);
			sourceTree = "<group>";
		};
		BE0FA77020B6734200DBC191 /* Products */ = {
			isa = PBXGroup;
			children = (
				BE0FA76F20B6734200DBC191 /* FIRE.app */,
			);
			name = Products;
			sourceTree = "<group>";
		};
		BE0FA77120B6734200DBC191 /* FIRE */ = {
			isa = PBXGroup;
			children = (
				BE0FA77220B6734200DBC191 /* AppDelegate.swift */,
				BE0FA77420B6734200DBC191 /* ViewController.swift */,
				BE0FA77620B6734200DBC191 /* Main.storyboard */,
				BE0FA77C20B6734600DBC191 /* Assets.xcassets */,
				BE0FA77E20B6734600DBC191 /* LaunchScreen.storyboard */,
				BE0FA78120B6734700DBC191 /* Info.plist */,
				BE0FA77920B6734200DBC191 /* FIRE.xcdatamodeld */,
			);
			path = FIRE;
			sourceTree = "<group>";
		};
/* End PBXGroup section */

/* Begin PBXNativeTarget section */
		BE0FA76E20B6734200DBC191 /* FIRE */ = {
			isa = PBXNativeTarget;
			buildConfigurationList = BE0FA78420B6734700DBC191 /* Build configuration list for PBXNativeTarget "FIRE" */;
			buildPhases = (
				BE0FA76B20B6734200DBC191 /* Sources */,
				BE0FA76C20B6734200DBC191 /* Frameworks */,
				BE0FA76D20B6734200DBC191 /* Resources */,
			);
			buildRules = (
			);
			dependencies = (
			);
			name = FIRE;
			productName = FIRE;
			productReference = BE0FA76F20B6734200DBC191 /* FIRE.app */;
			productType = "com.apple.product-type.application";
		};
/* End PBXNativeTarget section */

/* Begin PBXProject section */
		BE0FA76720B6734200DBC191 /* Project object */ = {
			isa = PBXProject;
			attributes = {
				LastSwiftUpdateCheck = 0930;
				LastUpgradeCheck = 0930;
				ORGANIZATIONNAME = "Tyler Clonts";
				TargetAttributes = {
					BE0FA76E20B6734200DBC191 = {
						CreatedOnToolsVersion = 9.3.1;
					};
				};
			};
			buildConfigurationList = BE0FA76A20B6734200DBC191 /* Build configuration list for PBXProject "FIRE" */;
			compatibilityVersion = "Xcode 9.3";
			developmentRegion = en;
			hasScannedForEncodings = 0;
			knownRegions = (
				en,
				Base,
			);
			mainGroup = BE0FA76620B6734200DBC191;
			productRefGroup = BE0FA77020B6734200DBC191 /* Products */;
			projectDirPath = "";
			projectRoot = "";
			targets = (
				BE0FA76E20B6734200DBC191 /* FIRE */,
			);
		};
/* End PBXProject section */

/* Begin PBXResourcesBuildPhase section */
		BE0FA76D20B6734200DBC191 /* Resources */ = {
			isa = PBXResourcesBuildPhase;
			buildActionMask = 2147483647;
			files = (
				BE0FA78020B6734600DBC191 /* LaunchScreen.storyboard in Resources */,
				BE0FA77D20B6734600DBC191 /* Assets.xcassets in Resources */,
				BE0FA77820B6734200DBC191 /* Main.storyboard in Resources */,
			);
			runOnlyForDeploymentPostprocessing = 0;
		};
/* End PBXResourcesBuildPhase section */

/* Begin PBXSourcesBuildPhase section */
		BE0FA76B20B6734200DBC191 /* Sources */ = {
			isa = PBXSourcesBuildPhase;
			buildActionMask = 2147483647;
			files = (
				BE0FA77B20B6734200DBC191 /* FIRE.xcdatamodeld in Sources */,
				BE0FA77520B6734200DBC191 /* ViewController.swift in Sources */,
				BE0FA77320B6734200DBC191 /* AppDelegate.swift in Sources */,
			);
			runOnlyForDeploymentPostprocessing = 0;
		};
/* End PBXSourcesBuildPhase section */

/* Begin PBXVariantGroup section */
		BE0FA77620B6734200DBC191 /* Main.storyboard */ = {
			isa = PBXVariantGroup;
			children = (
				BE0FA77720B6734200DBC191 /* Base */,
			);
			name = Main.storyboard;
			sourceTree = "<group>";
		};
		BE0FA77E20B6734600DBC191 /* LaunchScreen.storyboard */ = {
			isa = PBXVariantGroup;
			children = (
				BE0FA77F20B6734600DBC191 /* Base */,
			);
			name = LaunchScreen.storyboard;
			sourceTree = "<group>";
		};
/* End PBXVariantGroup section */

/* Begin XCBuildConfiguration section */
		BE0FA78220B6734700DBC191 /* Debug */ = {
			isa = XCBuildConfiguration;
			buildSettings = {
				ALWAYS_SEARCH_USER_PATHS = NO;
				CLANG_ANALYZER_NONNULL = YES;
				CLANG_ANALYZER_NUMBER_OBJECT_CONVERSION = YES_AGGRESSIVE;
				CLANG_CXX_LANGUAGE_STANDARD = "gnu++14";
				CLANG_CXX_LIBRARY = "libc++";
				CLANG_ENABLE_MODULES = YES;
				CLANG_ENABLE_OBJC_ARC = YES;
				CLANG_ENABLE_OBJC_WEAK = YES;
				CLANG_WARN_BLOCK_CAPTURE_AUTORELEASING = YES;
				CLANG_WARN_BOOL_CONVERSION = YES;
				CLANG_WARN_COMMA = YES;
				CLANG_WARN_CONSTANT_CONVERSION = YES;
				CLANG_WARN_DEPRECATED_OBJC_IMPLEMENTATIONS = YES;
				CLANG_WARN_DIRECT_OBJC_ISA_USAGE = YES_ERROR;
				CLANG_WARN_DOCUMENTATION_COMMENTS = YES;
				CLANG_WARN_EMPTY_BODY = YES;
				CLANG_WARN_ENUM_CONVERSION = YES;
				CLANG_WARN_INFINITE_RECURSION = YES;
				CLANG_WARN_INT_CONVERSION = YES;
				CLANG_WARN_NON_LITERAL_NULL_CONVERSION = YES;
				CLANG_WARN_OBJC_IMPLICIT_RETAIN_SELF = YES;
				CLANG_WARN_OBJC_LITERAL_CONVERSION = YES;
				CLANG_WARN_OBJC_ROOT_CLASS = YES_ERROR;
				CLANG_WARN_RANGE_LOOP_ANALYSIS = YES;
				CLANG_WARN_STRICT_PROTOTYPES = YES;
				CLANG_WARN_SUSPICIOUS_MOVE = YES;
				CLANG_WARN_UNGUARDED_AVAILABILITY = YES_AGGRESSIVE;
				CLANG_WARN_UNREACHABLE_CODE = YES;
				CLANG_WARN__DUPLICATE_METHOD_MATCH = YES;
				CODE_SIGN_IDENTITY = "iPhone Developer";
				COPY_PHASE_STRIP = NO;
				DEBUG_INFORMATION_FORMAT = dwarf;
				ENABLE_STRICT_OBJC_MSGSEND = YES;
				ENABLE_TESTABILITY = YES;
				GCC_C_LANGUAGE_STANDARD = gnu11;
				GCC_DYNAMIC_NO_PIC = NO;
				GCC_NO_COMMON_BLOCKS = YES;
				GCC_OPTIMIZATION_LEVEL = 0;
				GCC_PREPROCESSOR_DEFINITIONS = (
					"DEBUG=1",
					"$(inherited)",
				);
				GCC_WARN_64_TO_32_BIT_CONVERSION = YES;
				GCC_WARN_ABOUT_RETURN_TYPE = YES_ERROR;
				GCC_WARN_UNDECLARED_SELECTOR = YES;
				GCC_WARN_UNINITIALIZED_AUTOS = YES_AGGRESSIVE;
				GCC_WARN_UNUSED_FUNCTION = YES;
				GCC_WARN_UNUSED_VARIABLE = YES;
				IPHONEOS_DEPLOYMENT_TARGET = 11.3;
				MTL_ENABLE_DEBUG_INFO = YES;
				ONLY_ACTIVE_ARCH = YES;
				SDKROOT = iphoneos;
				SWIFT_ACTIVE_COMPILATION_CONDITIONS = DEBUG;
				SWIFT_OPTIMIZATION_LEVEL = "-Onone";
			};
			name = Debug;
		};
		BE0FA78320B6734700DBC191 /* Release */ = {
			isa = XCBuildConfiguration;
			buildSettings = {
				ALWAYS_SEARCH_USER_PATHS = NO;
				CLANG_ANALYZER_NONNULL = YES;
				CLANG_ANALYZER_NUMBER_OBJECT_CONVERSION = YES_AGGRESSIVE;
				CLANG_CXX_LANGUAGE_STANDARD = "gnu++14";
				CLANG_CXX_LIBRARY = "libc++";
				CLANG_ENABLE_MODULES = YES;
				CLANG_ENABLE_OBJC_ARC = YES;
				CLANG_ENABLE_OBJC_WEAK = YES;
				CLANG_WARN_BLOCK_CAPTURE_AUTORELEASING = YES;
				CLANG_WARN_BOOL_CONVERSION = YES;
				CLANG_WARN_COMMA = YES;
				CLANG_WARN_CONSTANT_CONVERSION = YES;
				CLANG_WARN_DEPRECATED_OBJC_IMPLEMENTATIONS = YES;
				CLANG_WARN_DIRECT_OBJC_ISA_USAGE = YES_ERROR;
				CLANG_WARN_DOCUMENTATION_COMMENTS = YES;
				CLANG_WARN_EMPTY_BODY = YES;
				CLANG_WARN_ENUM_CONVERSION = YES;
				CLANG_WARN_INFINITE_RECURSION = YES;
				CLANG_WARN_INT_CONVERSION = YES;
				CLANG_WARN_NON_LITERAL_NULL_CONVERSION = YES;
				CLANG_WARN_OBJC_IMPLICIT_RETAIN_SELF = YES;
				CLANG_WARN_OBJC_LITERAL_CONVERSION = YES;
				CLANG_WARN_OBJC_ROOT_CLASS = YES_ERROR;
				CLANG_WARN_RANGE_LOOP_ANALYSIS = YES;
				CLANG_WARN_STRICT_PROTOTYPES = YES;
				CLANG_WARN_SUSPICIOUS_MOVE = YES;
				CLANG_WARN_UNGUARDED_AVAILABILITY = YES_AGGRESSIVE;
				CLANG_WARN_UNREACHABLE_CODE = YES;
				CLANG_WARN__DUPLICATE_METHOD_MATCH = YES;
				CODE_SIGN_IDENTITY = "iPhone Developer";
				COPY_PHASE_STRIP = NO;
				DEBUG_INFORMATION_FORMAT = "dwarf-with-dsym";
				ENABLE_NS_ASSERTIONS = NO;
				ENABLE_STRICT_OBJC_MSGSEND = YES;
				GCC_C_LANGUAGE_STANDARD = gnu11;
				GCC_NO_COMMON_BLOCKS = YES;
				GCC_WARN_64_TO_32_BIT_CONVERSION = YES;
				GCC_WARN_ABOUT_RETURN_TYPE = YES_ERROR;
				GCC_WARN_UNDECLARED_SELECTOR = YES;
				GCC_WARN_UNINITIALIZED_AUTOS = YES_AGGRESSIVE;
				GCC_WARN_UNUSED_FUNCTION = YES;
				GCC_WARN_UNUSED_VARIABLE = YES;
				IPHONEOS_DEPLOYMENT_TARGET = 11.3;
				MTL_ENABLE_DEBUG_INFO = NO;
				SDKROOT = iphoneos;
				SWIFT_COMPILATION_MODE = wholemodule;
				SWIFT_OPTIMIZATION_LEVEL = "-O";
				VALIDATE_PRODUCT = YES;
			};
			name = Release;
		};
		BE0FA78520B6734700DBC191 /* Debug */ = {
			isa = XCBuildConfiguration;
			buildSettings = {
				ASSETCATALOG_COMPILER_APPICON_NAME = AppIcon;
				CODE_SIGN_STYLE = Automatic;
				DEVELOPMENT_TEAM = XUF99SR6PQ;
				INFOPLIST_FILE = FIRE/Info.plist;
				LD_RUNPATH_SEARCH_PATHS = (
					"$(inherited)",
					"@executable_path/Frameworks",
				);
				PRODUCT_BUNDLE_IDENTIFIER = com.TylerClonts.FIRE;
				PRODUCT_NAME = "$(TARGET_NAME)";
				SWIFT_VERSION = 4.0;
				TARGETED_DEVICE_FAMILY = "1,2";
			};
			name = Debug;
		};
		BE0FA78620B6734700DBC191 /* Release */ = {
			isa = XCBuildConfiguration;
			buildSettings = {
				ASSETCATALOG_COMPILER_APPICON_NAME = AppIcon;
				CODE_SIGN_STYLE = Automatic;
				DEVELOPMENT_TEAM = XUF99SR6PQ;
				INFOPLIST_FILE = FIRE/Info.plist;
				LD_RUNPATH_SEARCH_PATHS = (
					"$(inherited)",
					"@executable_path/Frameworks",
				);
				PRODUCT_BUNDLE_IDENTIFIER = com.TylerClonts.FIRE;
				PRODUCT_NAME = "$(TARGET_NAME)";
				SWIFT_VERSION = 4.0;
				TARGETED_DEVICE_FAMILY = "1,2";
			};
			name = Release;
		};
/* End XCBuildConfiguration section */

/* Begin XCConfigurationList section */
		BE0FA76A20B6734200DBC191 /* Build configuration list for PBXProject "FIRE" */ = {
			isa = XCConfigurationList;
			buildConfigurations = (
				BE0FA78220B6734700DBC191 /* Debug */,
				BE0FA78320B6734700DBC191 /* Release */,
			);
			defaultConfigurationIsVisible = 0;
			defaultConfigurationName = Release;
		};
		BE0FA78420B6734700DBC191 /* Build configuration list for PBXNativeTarget "FIRE" */ = {
			isa = XCConfigurationList;
			buildConfigurations = (
				BE0FA78520B6734700DBC191 /* Debug */,
				BE0FA78620B6734700DBC191 /* Release */,
			);
			defaultConfigurationIsVisible = 0;
			defaultConfigurationName = Release;
		};
/* End XCConfigurationList section */

/* Begin XCVersionGroup section */
		BE0FA77920B6734200DBC191 /* FIRE.xcdatamodeld */ = {
			isa = XCVersionGroup;
			children = (
				BE0FA77A20B6734200DBC191 /* FIRE.xcdatamodel */,
			);
			currentVersion = BE0FA77A20B6734200DBC191 /* FIRE.xcdatamodel */;
			path = FIRE.xcdatamodeld;
			sourceTree = "<group>";
			versionGroupType = wrapper.xcdatamodel;
		};
/* End XCVersionGroup section */
	};
	rootObject = BE0FA76720B6734200DBC191 /* Project object */;
}
