// !$*UTF8*$!
{
	archiveVersion = 1;
	classes = {
	};
	objectVersion = 50;
	objects = {

/* Begin PBXBuildFile section */
		9651047CC218BBA4E8AEF47F /* Pods_FIRE.framework in Frameworks */ = {isa = PBXBuildFile; fileRef = E657DBF7728CEE8AD9801B12 /* Pods_FIRE.framework */; };
		BE0FA77320B6734200DBC191 /* AppDelegate.swift in Sources */ = {isa = PBXBuildFile; fileRef = BE0FA77220B6734200DBC191 /* AppDelegate.swift */; };
		BE0FA77820B6734200DBC191 /* Main.storyboard in Resources */ = {isa = PBXBuildFile; fileRef = BE0FA77620B6734200DBC191 /* Main.storyboard */; };
		BE0FA77B20B6734200DBC191 /* FIRE.xcdatamodeld in Sources */ = {isa = PBXBuildFile; fileRef = BE0FA77920B6734200DBC191 /* FIRE.xcdatamodeld */; };
		BE0FA77D20B6734600DBC191 /* Assets.xcassets in Resources */ = {isa = PBXBuildFile; fileRef = BE0FA77C20B6734600DBC191 /* Assets.xcassets */; };
		BE0FA78020B6734600DBC191 /* LaunchScreen.storyboard in Resources */ = {isa = PBXBuildFile; fileRef = BE0FA77E20B6734600DBC191 /* LaunchScreen.storyboard */; };
		BE16DB74212880C100A54259 /* Day.gif in Resources */ = {isa = PBXBuildFile; fileRef = BE16DB73212880C100A54259 /* Day.gif */; };
		BE16DB76212881CD00A54259 /* Graph.gif in Resources */ = {isa = PBXBuildFile; fileRef = BE16DB75212881CD00A54259 /* Graph.gif */; };
		BE16DB782128884700A54259 /* bullseye.png in Resources */ = {isa = PBXBuildFile; fileRef = BE16DB772128884700A54259 /* bullseye.png */; };
		BE16DB7A21288ACE00A54259 /* Line.gif in Resources */ = {isa = PBXBuildFile; fileRef = BE16DB7921288ACE00A54259 /* Line.gif */; };
		BE16DB7C21288B6B00A54259 /* Compass.gif in Resources */ = {isa = PBXBuildFile; fileRef = BE16DB7B21288B6B00A54259 /* Compass.gif */; };
		BE16DB7E21288C2700A54259 /* Day-Night.gif in Resources */ = {isa = PBXBuildFile; fileRef = BE16DB7D21288C2700A54259 /* Day-Night.gif */; };
		BE16DB8021288CBD00A54259 /* Customize.gif in Resources */ = {isa = PBXBuildFile; fileRef = BE16DB7F21288CBD00A54259 /* Customize.gif */; };
		BE2DAF9C211632AE00525169 /* PurposeViewController.swift in Sources */ = {isa = PBXBuildFile; fileRef = BE2DAF9B211632AE00525169 /* PurposeViewController.swift */; };
		BE2DAF9E2116454F00525169 /* FutureViewController.swift in Sources */ = {isa = PBXBuildFile; fileRef = BE2DAF9D2116454F00525169 /* FutureViewController.swift */; };
		BE3A99772119E506006CF70B /* AppUtility.swift in Sources */ = {isa = PBXBuildFile; fileRef = BE3A99762119E506006CF70B /* AppUtility.swift */; };
		BE55EC7921287A6A00FC6128 /* Rock.gif in Resources */ = {isa = PBXBuildFile; fileRef = BE55EC7821287A6A00FC6128 /* Rock.gif */; };
		BE6052FF2120CE4900D3AB3C /* GifImageHelper.swift in Sources */ = {isa = PBXBuildFile; fileRef = BE6052FE2120CE4900D3AB3C /* GifImageHelper.swift */; };
		BE60531321215AA100D3AB3C /* HourGlass.gif in Resources */ = {isa = PBXBuildFile; fileRef = BE60531221215AA000D3AB3C /* HourGlass.gif */; };
		BEC8A2BD20D96A6200608A9F /* SFCompactDisplay-Heavy.otf in Resources */ = {isa = PBXBuildFile; fileRef = BEC8A2A820D96A6200608A9F /* SFCompactDisplay-Heavy.otf */; };
		BEC8A2BE20D96A6200608A9F /* SFCompactText-Medium.otf in Resources */ = {isa = PBXBuildFile; fileRef = BEC8A2A920D96A6200608A9F /* SFCompactText-Medium.otf */; };
		BEC8A2BF20D96A6200608A9F /* SFCompactText-SemiboldItalic.otf in Resources */ = {isa = PBXBuildFile; fileRef = BEC8A2AA20D96A6200608A9F /* SFCompactText-SemiboldItalic.otf */; };
		BEC8A2C020D96A6200608A9F /* SFCompactDisplay-Light.otf in Resources */ = {isa = PBXBuildFile; fileRef = BEC8A2AB20D96A6200608A9F /* SFCompactDisplay-Light.otf */; };
		BEC8A2C120D96A6200608A9F /* SFCompactText-Regular.otf in Resources */ = {isa = PBXBuildFile; fileRef = BEC8A2AC20D96A6200608A9F /* SFCompactText-Regular.otf */; };
		BEC8A2C220D96A6200608A9F /* SFCompactText-BoldItalic.otf in Resources */ = {isa = PBXBuildFile; fileRef = BEC8A2AD20D96A6200608A9F /* SFCompactText-BoldItalic.otf */; };
		BEC8A2C320D96A6200608A9F /* SFCompactDisplay-Semibold.otf in Resources */ = {isa = PBXBuildFile; fileRef = BEC8A2AE20D96A6200608A9F /* SFCompactDisplay-Semibold.otf */; };
		BEC8A2C420D96A6200608A9F /* SFCompactDisplay-Medium.otf in Resources */ = {isa = PBXBuildFile; fileRef = BEC8A2AF20D96A6200608A9F /* SFCompactDisplay-Medium.otf */; };
		BEC8A2C520D96A6200608A9F /* SFCompactDisplay-Black.otf in Resources */ = {isa = PBXBuildFile; fileRef = BEC8A2B020D96A6200608A9F /* SFCompactDisplay-Black.otf */; };
		BEC8A2C620D96A6200608A9F /* SFCompactDisplay-Regular.otf in Resources */ = {isa = PBXBuildFile; fileRef = BEC8A2B120D96A6200608A9F /* SFCompactDisplay-Regular.otf */; };
		BEC8A2C720D96A6200608A9F /* SFCompactText-MediumItalic.otf in Resources */ = {isa = PBXBuildFile; fileRef = BEC8A2B220D96A6200608A9F /* SFCompactText-MediumItalic.otf */; };
		BEC8A2C820D96A6200608A9F /* SFCompactText-Semibold.otf in Resources */ = {isa = PBXBuildFile; fileRef = BEC8A2B320D96A6200608A9F /* SFCompactText-Semibold.otf */; };
		BEC8A2C920D96A6200608A9F /* SFCompactText-RegularItalic.otf in Resources */ = {isa = PBXBuildFile; fileRef = BEC8A2B420D96A6200608A9F /* SFCompactText-RegularItalic.otf */; };
		BEC8A2CA20D96A6200608A9F /* SFCompactText-Light.otf in Resources */ = {isa = PBXBuildFile; fileRef = BEC8A2B520D96A6200608A9F /* SFCompactText-Light.otf */; };
		BEC8A2CB20D96A6200608A9F /* SFCompactDisplay-Bold.otf in Resources */ = {isa = PBXBuildFile; fileRef = BEC8A2B620D96A6200608A9F /* SFCompactDisplay-Bold.otf */; };
		BEC8A2CC20D96A6200608A9F /* SFCompactText-Bold.otf in Resources */ = {isa = PBXBuildFile; fileRef = BEC8A2B720D96A6200608A9F /* SFCompactText-Bold.otf */; };
		BEC8A2CD20D96A6200608A9F /* SFCompactDisplay-Ultralight.otf in Resources */ = {isa = PBXBuildFile; fileRef = BEC8A2B820D96A6200608A9F /* SFCompactDisplay-Ultralight.otf */; };
		BEC8A2CE20D96A6200608A9F /* SFCompactText-Heavy.otf in Resources */ = {isa = PBXBuildFile; fileRef = BEC8A2B920D96A6200608A9F /* SFCompactText-Heavy.otf */; };
		BEC8A2CF20D96A6200608A9F /* SFCompactText-HeavyItalic.otf in Resources */ = {isa = PBXBuildFile; fileRef = BEC8A2BA20D96A6200608A9F /* SFCompactText-HeavyItalic.otf */; };
		BEC8A2D020D96A6200608A9F /* SFCompactText-LightItalic.otf in Resources */ = {isa = PBXBuildFile; fileRef = BEC8A2BB20D96A6200608A9F /* SFCompactText-LightItalic.otf */; };
		BEC8A2D120D96A6200608A9F /* SFCompactDisplay-Thin.otf in Resources */ = {isa = PBXBuildFile; fileRef = BEC8A2BC20D96A6200608A9F /* SFCompactDisplay-Thin.otf */; };
		BEC8A2D320D96BA500608A9F /* ColorHelper.swift in Sources */ = {isa = PBXBuildFile; fileRef = BEC8A2D220D96BA500608A9F /* ColorHelper.swift */; };
		BECA3EA220B894CA003A6E20 /* WelcomeViewController.swift in Sources */ = {isa = PBXBuildFile; fileRef = BECA3EA120B894CA003A6E20 /* WelcomeViewController.swift */; };
		BECEAEB520CEEBAD00C8EF21 /* PowerViewController.swift in Sources */ = {isa = PBXBuildFile; fileRef = BECEAEB420CEEBAC00C8EF21 /* PowerViewController.swift */; };
		BECEAEBB20CEEC0800C8EF21 /* AboutYourFinancesViewController.swift in Sources */ = {isa = PBXBuildFile; fileRef = BECEAEBA20CEEC0800C8EF21 /* AboutYourFinancesViewController.swift */; };
		BECEAEBD20CF7C1E00C8EF21 /* ResultsViewController.swift in Sources */ = {isa = PBXBuildFile; fileRef = BECEAEBC20CF7C1E00C8EF21 /* ResultsViewController.swift */; };
/* End PBXBuildFile section */

/* Begin PBXFileReference section */
		5588AE77724961C17FC566CC /* Pods-FIRE.debug.xcconfig */ = {isa = PBXFileReference; includeInIndex = 1; lastKnownFileType = text.xcconfig; name = "Pods-FIRE.debug.xcconfig"; path = "Pods/Target Support Files/Pods-FIRE/Pods-FIRE.debug.xcconfig"; sourceTree = "<group>"; };
		62CE916B00C969D4C2AAC3D1 /* Pods-FIRE.release.xcconfig */ = {isa = PBXFileReference; includeInIndex = 1; lastKnownFileType = text.xcconfig; name = "Pods-FIRE.release.xcconfig"; path = "Pods/Target Support Files/Pods-FIRE/Pods-FIRE.release.xcconfig"; sourceTree = "<group>"; };
		BE0FA76F20B6734200DBC191 /* FIRE.app */ = {isa = PBXFileReference; explicitFileType = wrapper.application; includeInIndex = 0; path = FIRE.app; sourceTree = BUILT_PRODUCTS_DIR; };
		BE0FA77220B6734200DBC191 /* AppDelegate.swift */ = {isa = PBXFileReference; lastKnownFileType = sourcecode.swift; path = AppDelegate.swift; sourceTree = "<group>"; };
		BE0FA77720B6734200DBC191 /* Base */ = {isa = PBXFileReference; lastKnownFileType = file.storyboard; name = Base; path = Base.lproj/Main.storyboard; sourceTree = "<group>"; };
		BE0FA77A20B6734200DBC191 /* FIRE.xcdatamodel */ = {isa = PBXFileReference; lastKnownFileType = wrapper.xcdatamodel; path = FIRE.xcdatamodel; sourceTree = "<group>"; };
		BE0FA77C20B6734600DBC191 /* Assets.xcassets */ = {isa = PBXFileReference; lastKnownFileType = folder.assetcatalog; path = Assets.xcassets; sourceTree = "<group>"; };
		BE0FA77F20B6734600DBC191 /* Base */ = {isa = PBXFileReference; lastKnownFileType = file.storyboard; name = Base; path = Base.lproj/LaunchScreen.storyboard; sourceTree = "<group>"; };
		BE0FA78120B6734700DBC191 /* Info.plist */ = {isa = PBXFileReference; lastKnownFileType = text.plist.xml; path = Info.plist; sourceTree = "<group>"; };
		BE16DB73212880C100A54259 /* Day.gif */ = {isa = PBXFileReference; lastKnownFileType = image.gif; path = Day.gif; sourceTree = "<group>"; };
		BE16DB75212881CD00A54259 /* Graph.gif */ = {isa = PBXFileReference; lastKnownFileType = image.gif; path = Graph.gif; sourceTree = "<group>"; };
		BE16DB772128884700A54259 /* bullseye.png */ = {isa = PBXFileReference; lastKnownFileType = image.png; path = bullseye.png; sourceTree = "<group>"; };
		BE16DB7921288ACE00A54259 /* Line.gif */ = {isa = PBXFileReference; lastKnownFileType = image.gif; path = Line.gif; sourceTree = "<group>"; };
		BE16DB7B21288B6B00A54259 /* Compass.gif */ = {isa = PBXFileReference; lastKnownFileType = image.gif; name = Compass.gif; path = ../../../../Desktop/Compass.gif; sourceTree = "<group>"; };
		BE16DB7D21288C2700A54259 /* Day-Night.gif */ = {isa = PBXFileReference; lastKnownFileType = image.gif; path = "Day-Night.gif"; sourceTree = "<group>"; };
		BE16DB7F21288CBD00A54259 /* Customize.gif */ = {isa = PBXFileReference; lastKnownFileType = image.gif; path = Customize.gif; sourceTree = "<group>"; };
		BE2DAF9B211632AE00525169 /* PurposeViewController.swift */ = {isa = PBXFileReference; lastKnownFileType = sourcecode.swift; path = PurposeViewController.swift; sourceTree = "<group>"; };
		BE2DAF9D2116454F00525169 /* FutureViewController.swift */ = {isa = PBXFileReference; lastKnownFileType = sourcecode.swift; path = FutureViewController.swift; sourceTree = "<group>"; };
		BE3A99762119E506006CF70B /* AppUtility.swift */ = {isa = PBXFileReference; lastKnownFileType = sourcecode.swift; path = AppUtility.swift; sourceTree = "<group>"; };
		BE55EC7821287A6A00FC6128 /* Rock.gif */ = {isa = PBXFileReference; lastKnownFileType = image.gif; path = Rock.gif; sourceTree = "<group>"; };
		BE6052FE2120CE4900D3AB3C /* GifImageHelper.swift */ = {isa = PBXFileReference; lastKnownFileType = sourcecode.swift; path = GifImageHelper.swift; sourceTree = "<group>"; };
		BE60531221215AA000D3AB3C /* HourGlass.gif */ = {isa = PBXFileReference; lastKnownFileType = image.gif; name = HourGlass.gif; path = ../../../../Desktop/HourGlass.gif; sourceTree = "<group>"; };
		BEC8A2A820D96A6200608A9F /* SFCompactDisplay-Heavy.otf */ = {isa = PBXFileReference; lastKnownFileType = file; path = "SFCompactDisplay-Heavy.otf"; sourceTree = "<group>"; };
		BEC8A2A920D96A6200608A9F /* SFCompactText-Medium.otf */ = {isa = PBXFileReference; lastKnownFileType = file; path = "SFCompactText-Medium.otf"; sourceTree = "<group>"; };
		BEC8A2AA20D96A6200608A9F /* SFCompactText-SemiboldItalic.otf */ = {isa = PBXFileReference; lastKnownFileType = file; path = "SFCompactText-SemiboldItalic.otf"; sourceTree = "<group>"; };
		BEC8A2AB20D96A6200608A9F /* SFCompactDisplay-Light.otf */ = {isa = PBXFileReference; lastKnownFileType = file; path = "SFCompactDisplay-Light.otf"; sourceTree = "<group>"; };
		BEC8A2AC20D96A6200608A9F /* SFCompactText-Regular.otf */ = {isa = PBXFileReference; lastKnownFileType = file; path = "SFCompactText-Regular.otf"; sourceTree = "<group>"; };
		BEC8A2AD20D96A6200608A9F /* SFCompactText-BoldItalic.otf */ = {isa = PBXFileReference; lastKnownFileType = file; path = "SFCompactText-BoldItalic.otf"; sourceTree = "<group>"; };
		BEC8A2AE20D96A6200608A9F /* SFCompactDisplay-Semibold.otf */ = {isa = PBXFileReference; lastKnownFileType = file; path = "SFCompactDisplay-Semibold.otf"; sourceTree = "<group>"; };
		BEC8A2AF20D96A6200608A9F /* SFCompactDisplay-Medium.otf */ = {isa = PBXFileReference; lastKnownFileType = file; path = "SFCompactDisplay-Medium.otf"; sourceTree = "<group>"; };
		BEC8A2B020D96A6200608A9F /* SFCompactDisplay-Black.otf */ = {isa = PBXFileReference; lastKnownFileType = file; path = "SFCompactDisplay-Black.otf"; sourceTree = "<group>"; };
		BEC8A2B120D96A6200608A9F /* SFCompactDisplay-Regular.otf */ = {isa = PBXFileReference; lastKnownFileType = file; path = "SFCompactDisplay-Regular.otf"; sourceTree = "<group>"; };
		BEC8A2B220D96A6200608A9F /* SFCompactText-MediumItalic.otf */ = {isa = PBXFileReference; lastKnownFileType = file; path = "SFCompactText-MediumItalic.otf"; sourceTree = "<group>"; };
		BEC8A2B320D96A6200608A9F /* SFCompactText-Semibold.otf */ = {isa = PBXFileReference; lastKnownFileType = file; path = "SFCompactText-Semibold.otf"; sourceTree = "<group>"; };
		BEC8A2B420D96A6200608A9F /* SFCompactText-RegularItalic.otf */ = {isa = PBXFileReference; lastKnownFileType = file; path = "SFCompactText-RegularItalic.otf"; sourceTree = "<group>"; };
		BEC8A2B520D96A6200608A9F /* SFCompactText-Light.otf */ = {isa = PBXFileReference; lastKnownFileType = file; path = "SFCompactText-Light.otf"; sourceTree = "<group>"; };
		BEC8A2B620D96A6200608A9F /* SFCompactDisplay-Bold.otf */ = {isa = PBXFileReference; lastKnownFileType = file; path = "SFCompactDisplay-Bold.otf"; sourceTree = "<group>"; };
		BEC8A2B720D96A6200608A9F /* SFCompactText-Bold.otf */ = {isa = PBXFileReference; lastKnownFileType = file; path = "SFCompactText-Bold.otf"; sourceTree = "<group>"; };
		BEC8A2B820D96A6200608A9F /* SFCompactDisplay-Ultralight.otf */ = {isa = PBXFileReference; lastKnownFileType = file; path = "SFCompactDisplay-Ultralight.otf"; sourceTree = "<group>"; };
		BEC8A2B920D96A6200608A9F /* SFCompactText-Heavy.otf */ = {isa = PBXFileReference; lastKnownFileType = file; path = "SFCompactText-Heavy.otf"; sourceTree = "<group>"; };
		BEC8A2BA20D96A6200608A9F /* SFCompactText-HeavyItalic.otf */ = {isa = PBXFileReference; lastKnownFileType = file; path = "SFCompactText-HeavyItalic.otf"; sourceTree = "<group>"; };
		BEC8A2BB20D96A6200608A9F /* SFCompactText-LightItalic.otf */ = {isa = PBXFileReference; lastKnownFileType = file; path = "SFCompactText-LightItalic.otf"; sourceTree = "<group>"; };
		BEC8A2BC20D96A6200608A9F /* SFCompactDisplay-Thin.otf */ = {isa = PBXFileReference; lastKnownFileType = file; path = "SFCompactDisplay-Thin.otf"; sourceTree = "<group>"; };
		BEC8A2D220D96BA500608A9F /* ColorHelper.swift */ = {isa = PBXFileReference; lastKnownFileType = sourcecode.swift; path = ColorHelper.swift; sourceTree = "<group>"; };
		BECA3EA120B894CA003A6E20 /* WelcomeViewController.swift */ = {isa = PBXFileReference; lastKnownFileType = sourcecode.swift; path = WelcomeViewController.swift; sourceTree = "<group>"; };
		BECA3EA520B89565003A6E20 /* SFCompactText-BoldItalic.otf */ = {isa = PBXFileReference; lastKnownFileType = file; path = "SFCompactText-BoldItalic.otf"; sourceTree = "<group>"; };
		BECA3EA620B89566003A6E20 /* SFCompactText-Light.otf */ = {isa = PBXFileReference; lastKnownFileType = file; path = "SFCompactText-Light.otf"; sourceTree = "<group>"; };
		BECA3EA720B89568003A6E20 /* SFCompactText-Regular.otf */ = {isa = PBXFileReference; lastKnownFileType = file; path = "SFCompactText-Regular.otf"; sourceTree = "<group>"; };
		BECA3EA820B89569003A6E20 /* SFCompactText-Heavy.otf */ = {isa = PBXFileReference; lastKnownFileType = file; path = "SFCompactText-Heavy.otf"; sourceTree = "<group>"; };
		BECA3EA920B8956A003A6E20 /* SFCompactText-MediumItalic.otf */ = {isa = PBXFileReference; lastKnownFileType = file; path = "SFCompactText-MediumItalic.otf"; sourceTree = "<group>"; };
		BECA3EAA20B8956C003A6E20 /* SFCompactText-Medium.otf */ = {isa = PBXFileReference; lastKnownFileType = file; path = "SFCompactText-Medium.otf"; sourceTree = "<group>"; };
		BECA3EAB20B8956D003A6E20 /* SFCompactText-RegularItalic.otf */ = {isa = PBXFileReference; lastKnownFileType = file; path = "SFCompactText-RegularItalic.otf"; sourceTree = "<group>"; };
		BECA3EAC20B8956E003A6E20 /* SFCompactText-HeavyItalic.otf */ = {isa = PBXFileReference; lastKnownFileType = file; path = "SFCompactText-HeavyItalic.otf"; sourceTree = "<group>"; };
		BECA3EAD20B89573003A6E20 /* SFCompactText-SemiboldItalic.otf */ = {isa = PBXFileReference; lastKnownFileType = file; path = "SFCompactText-SemiboldItalic.otf"; sourceTree = "<group>"; };
		BECA3EAE20B89576003A6E20 /* SFCompactText-LightItalic.otf */ = {isa = PBXFileReference; lastKnownFileType = file; path = "SFCompactText-LightItalic.otf"; sourceTree = "<group>"; };
		BECA3EAF20B89578003A6E20 /* SFCompactText-Bold.otf */ = {isa = PBXFileReference; lastKnownFileType = file; path = "SFCompactText-Bold.otf"; sourceTree = "<group>"; };
		BECA3EB020B89579003A6E20 /* SFCompactText-Semibold.otf */ = {isa = PBXFileReference; lastKnownFileType = file; path = "SFCompactText-Semibold.otf"; sourceTree = "<group>"; };
		BECEAEB420CEEBAC00C8EF21 /* PowerViewController.swift */ = {isa = PBXFileReference; lastKnownFileType = sourcecode.swift; path = PowerViewController.swift; sourceTree = "<group>"; };
		BECEAEBA20CEEC0800C8EF21 /* AboutYourFinancesViewController.swift */ = {isa = PBXFileReference; lastKnownFileType = sourcecode.swift; path = AboutYourFinancesViewController.swift; sourceTree = "<group>"; };
		BECEAEBC20CF7C1E00C8EF21 /* ResultsViewController.swift */ = {isa = PBXFileReference; lastKnownFileType = sourcecode.swift; path = ResultsViewController.swift; sourceTree = "<group>"; };
		E657DBF7728CEE8AD9801B12 /* Pods_FIRE.framework */ = {isa = PBXFileReference; explicitFileType = wrapper.framework; includeInIndex = 0; path = Pods_FIRE.framework; sourceTree = BUILT_PRODUCTS_DIR; };
/* End PBXFileReference section */

/* Begin PBXFrameworksBuildPhase section */
		BE0FA76C20B6734200DBC191 /* Frameworks */ = {
			isa = PBXFrameworksBuildPhase;
			buildActionMask = 2147483647;
			files = (
				9651047CC218BBA4E8AEF47F /* Pods_FIRE.framework in Frameworks */,
			);
			runOnlyForDeploymentPostprocessing = 0;
		};
/* End PBXFrameworksBuildPhase section */

/* Begin PBXGroup section */
		2AB47ABDE9C07347EFFA9695 /* Frameworks */ = {
			isa = PBXGroup;
			children = (
				E657DBF7728CEE8AD9801B12 /* Pods_FIRE.framework */,
			);
			name = Frameworks;
			sourceTree = "<group>";
		};
		45AD8894F3AE152A304CAB85 /* Pods */ = {
			isa = PBXGroup;
			children = (
				5588AE77724961C17FC566CC /* Pods-FIRE.debug.xcconfig */,
				62CE916B00C969D4C2AAC3D1 /* Pods-FIRE.release.xcconfig */,
			);
			name = Pods;
			sourceTree = "<group>";
		};
		BE0FA76620B6734200DBC191 = {
			isa = PBXGroup;
			children = (
				BE0FA77120B6734200DBC191 /* FIRE */,
				BE0FA77020B6734200DBC191 /* Products */,
				45AD8894F3AE152A304CAB85 /* Pods */,
				2AB47ABDE9C07347EFFA9695 /* Frameworks */,
			);
			sourceTree = "<group>";
		};
		BE0FA77020B6734200DBC191 /* Products */ = {
			isa = PBXGroup;
			children = (
				BE0FA76F20B6734200DBC191 /* FIRE.app */,
			);
			name = Products;
			sourceTree = "<group>";
		};
		BE0FA77120B6734200DBC191 /* FIRE */ = {
			isa = PBXGroup;
			children = (
				BECA3EA320B89540003A6E20 /* UI */,
				BECA3EA020B893EE003A6E20 /* ViewControllers */,
				BECA3E9F20B893D3003A6E20 /* Resources */,
				BE0FA77920B6734200DBC191 /* FIRE.xcdatamodeld */,
			);
			path = FIRE;
			sourceTree = "<group>";
		};
		BEC8A2A720D96A6200608A9F /* SF Compact */ = {
			isa = PBXGroup;
			children = (
				BEC8A2A820D96A6200608A9F /* SFCompactDisplay-Heavy.otf */,
				BEC8A2A920D96A6200608A9F /* SFCompactText-Medium.otf */,
				BEC8A2AA20D96A6200608A9F /* SFCompactText-SemiboldItalic.otf */,
				BEC8A2AB20D96A6200608A9F /* SFCompactDisplay-Light.otf */,
				BEC8A2AC20D96A6200608A9F /* SFCompactText-Regular.otf */,
				BEC8A2AD20D96A6200608A9F /* SFCompactText-BoldItalic.otf */,
				BEC8A2AE20D96A6200608A9F /* SFCompactDisplay-Semibold.otf */,
				BEC8A2AF20D96A6200608A9F /* SFCompactDisplay-Medium.otf */,
				BEC8A2B020D96A6200608A9F /* SFCompactDisplay-Black.otf */,
				BEC8A2B120D96A6200608A9F /* SFCompactDisplay-Regular.otf */,
				BEC8A2B220D96A6200608A9F /* SFCompactText-MediumItalic.otf */,
				BEC8A2B320D96A6200608A9F /* SFCompactText-Semibold.otf */,
				BEC8A2B420D96A6200608A9F /* SFCompactText-RegularItalic.otf */,
				BEC8A2B520D96A6200608A9F /* SFCompactText-Light.otf */,
				BEC8A2B620D96A6200608A9F /* SFCompactDisplay-Bold.otf */,
				BEC8A2B720D96A6200608A9F /* SFCompactText-Bold.otf */,
				BEC8A2B820D96A6200608A9F /* SFCompactDisplay-Ultralight.otf */,
				BEC8A2B920D96A6200608A9F /* SFCompactText-Heavy.otf */,
				BEC8A2BA20D96A6200608A9F /* SFCompactText-HeavyItalic.otf */,
				BEC8A2BB20D96A6200608A9F /* SFCompactText-LightItalic.otf */,
				BEC8A2BC20D96A6200608A9F /* SFCompactDisplay-Thin.otf */,
			);
			path = "SF Compact";
			sourceTree = "<group>";
		};
		BECA3E9F20B893D3003A6E20 /* Resources */ = {
			isa = PBXGroup;
			children = (
				BEC8A2A720D96A6200608A9F /* SF Compact */,
				BE0FA77220B6734200DBC191 /* AppDelegate.swift */,
				BE0FA77C20B6734600DBC191 /* Assets.xcassets */,
				BE0FA77E20B6734600DBC191 /* LaunchScreen.storyboard */,
				BE0FA78120B6734700DBC191 /* Info.plist */,
				BEC8A2D220D96BA500608A9F /* ColorHelper.swift */,
				BE3A99762119E506006CF70B /* AppUtility.swift */,
			);
			path = Resources;
			sourceTree = "<group>";
		};
		BECA3EA020B893EE003A6E20 /* ViewControllers */ = {
			isa = PBXGroup;
			children = (
				BECA3EA120B894CA003A6E20 /* WelcomeViewController.swift */,
				BECEAEB420CEEBAC00C8EF21 /* PowerViewController.swift */,
				BE2DAF9D2116454F00525169 /* FutureViewController.swift */,
				BE2DAF9B211632AE00525169 /* PurposeViewController.swift */,
				BECEAEBA20CEEC0800C8EF21 /* AboutYourFinancesViewController.swift */,
				BECEAEBC20CF7C1E00C8EF21 /* ResultsViewController.swift */,
				BE6052FE2120CE4900D3AB3C /* GifImageHelper.swift */,
				BE16DB73212880C100A54259 /* Day.gif */,
				BE16DB7921288ACE00A54259 /* Line.gif */,
				BE16DB75212881CD00A54259 /* Graph.gif */,
				BE16DB7F21288CBD00A54259 /* Customize.gif */,
				BE16DB7D21288C2700A54259 /* Day-Night.gif */,
				BE16DB7B21288B6B00A54259 /* Compass.gif */,
				BE60531221215AA000D3AB3C /* HourGlass.gif */,
				BE16DB772128884700A54259 /* bullseye.png */,
				BE55EC7821287A6A00FC6128 /* Rock.gif */,
			);
			path = ViewControllers;
			sourceTree = "<group>";
		};
		BECA3EA320B89540003A6E20 /* UI */ = {
			isa = PBXGroup;
			children = (
				BECA3EA420B8954F003A6E20 /* Font */,
				BE0FA77620B6734200DBC191 /* Main.storyboard */,
			);
			path = UI;
			sourceTree = "<group>";
		};
		BECA3EA420B8954F003A6E20 /* Font */ = {
			isa = PBXGroup;
			children = (
				BECA3EAF20B89578003A6E20 /* SFCompactText-Bold.otf */,
				BECA3EA520B89565003A6E20 /* SFCompactText-BoldItalic.otf */,
				BECA3EA820B89569003A6E20 /* SFCompactText-Heavy.otf */,
				BECA3EAC20B8956E003A6E20 /* SFCompactText-HeavyItalic.otf */,
				BECA3EA620B89566003A6E20 /* SFCompactText-Light.otf */,
				BECA3EAE20B89576003A6E20 /* SFCompactText-LightItalic.otf */,
				BECA3EAA20B8956C003A6E20 /* SFCompactText-Medium.otf */,
				BECA3EA920B8956A003A6E20 /* SFCompactText-MediumItalic.otf */,
				BECA3EA720B89568003A6E20 /* SFCompactText-Regular.otf */,
				BECA3EAB20B8956D003A6E20 /* SFCompactText-RegularItalic.otf */,
				BECA3EB020B89579003A6E20 /* SFCompactText-Semibold.otf */,
				BECA3EAD20B89573003A6E20 /* SFCompactText-SemiboldItalic.otf */,
			);
			path = Font;
			sourceTree = "<group>";
		};
/* End PBXGroup section */

/* Begin PBXNativeTarget section */
		BE0FA76E20B6734200DBC191 /* FIRE */ = {
			isa = PBXNativeTarget;
			buildConfigurationList = BE0FA78420B6734700DBC191 /* Build configuration list for PBXNativeTarget "FIRE" */;
			buildPhases = (
				B5BB1FE032A501096597ED95 /* [CP] Check Pods Manifest.lock */,
				BE0FA76B20B6734200DBC191 /* Sources */,
				BE0FA76C20B6734200DBC191 /* Frameworks */,
				BE0FA76D20B6734200DBC191 /* Resources */,
				A52BC60AF3B45598E65FCB5E /* [CP] Embed Pods Frameworks */,
			);
			buildRules = (
			);
			dependencies = (
			);
			name = FIRE;
			productName = FIRE;
			productReference = BE0FA76F20B6734200DBC191 /* FIRE.app */;
			productType = "com.apple.product-type.application";
		};
/* End PBXNativeTarget section */

/* Begin PBXProject section */
		BE0FA76720B6734200DBC191 /* Project object */ = {
			isa = PBXProject;
			attributes = {
				LastSwiftUpdateCheck = 0930;
				LastUpgradeCheck = 0930;
				ORGANIZATIONNAME = "Tyler Clonts";
				TargetAttributes = {
					BE0FA76E20B6734200DBC191 = {
						CreatedOnToolsVersion = 9.3.1;
					};
				};
			};
			buildConfigurationList = BE0FA76A20B6734200DBC191 /* Build configuration list for PBXProject "FIRE" */;
			compatibilityVersion = "Xcode 9.3";
			developmentRegion = en;
			hasScannedForEncodings = 0;
			knownRegions = (
				en,
				Base,
			);
			mainGroup = BE0FA76620B6734200DBC191;
			productRefGroup = BE0FA77020B6734200DBC191 /* Products */;
			projectDirPath = "";
			projectRoot = "";
			targets = (
				BE0FA76E20B6734200DBC191 /* FIRE */,
			);
		};
/* End PBXProject section */

/* Begin PBXResourcesBuildPhase section */
		BE0FA76D20B6734200DBC191 /* Resources */ = {
			isa = PBXResourcesBuildPhase;
			buildActionMask = 2147483647;
			files = (
				BEC8A2C920D96A6200608A9F /* SFCompactText-RegularItalic.otf in Resources */,
				BE16DB74212880C100A54259 /* Day.gif in Resources */,
				BEC8A2C420D96A6200608A9F /* SFCompactDisplay-Medium.otf in Resources */,
				BEC8A2CB20D96A6200608A9F /* SFCompactDisplay-Bold.otf in Resources */,
				BEC8A2CA20D96A6200608A9F /* SFCompactText-Light.otf in Resources */,
				BE16DB7C21288B6B00A54259 /* Compass.gif in Resources */,
				BEC8A2CE20D96A6200608A9F /* SFCompactText-Heavy.otf in Resources */,
				BEC8A2C020D96A6200608A9F /* SFCompactDisplay-Light.otf in Resources */,
				BEC8A2D120D96A6200608A9F /* SFCompactDisplay-Thin.otf in Resources */,
				BEC8A2CD20D96A6200608A9F /* SFCompactDisplay-Ultralight.otf in Resources */,
				BE16DB76212881CD00A54259 /* Graph.gif in Resources */,
				BEC8A2BF20D96A6200608A9F /* SFCompactText-SemiboldItalic.otf in Resources */,
				BE16DB7A21288ACE00A54259 /* Line.gif in Resources */,
				BE16DB8021288CBD00A54259 /* Customize.gif in Resources */,
				BE0FA78020B6734600DBC191 /* LaunchScreen.storyboard in Resources */,
				BEC8A2D020D96A6200608A9F /* SFCompactText-LightItalic.otf in Resources */,
				BEC8A2C620D96A6200608A9F /* SFCompactDisplay-Regular.otf in Resources */,
				BEC8A2C220D96A6200608A9F /* SFCompactText-BoldItalic.otf in Resources */,
				BEC8A2C820D96A6200608A9F /* SFCompactText-Semibold.otf in Resources */,
				BE60531321215AA100D3AB3C /* HourGlass.gif in Resources */,
				BEC8A2BE20D96A6200608A9F /* SFCompactText-Medium.otf in Resources */,
				BE16DB782128884700A54259 /* bullseye.png in Resources */,
				BEC8A2C120D96A6200608A9F /* SFCompactText-Regular.otf in Resources */,
				BE16DB7E21288C2700A54259 /* Day-Night.gif in Resources */,
				BEC8A2BD20D96A6200608A9F /* SFCompactDisplay-Heavy.otf in Resources */,
				BEC8A2CF20D96A6200608A9F /* SFCompactText-HeavyItalic.otf in Resources */,
				BE0FA77D20B6734600DBC191 /* Assets.xcassets in Resources */,
				BEC8A2C720D96A6200608A9F /* SFCompactText-MediumItalic.otf in Resources */,
				BEC8A2C520D96A6200608A9F /* SFCompactDisplay-Black.otf in Resources */,
				BEC8A2C320D96A6200608A9F /* SFCompactDisplay-Semibold.otf in Resources */,
				BE55EC7921287A6A00FC6128 /* Rock.gif in Resources */,
				BEC8A2CC20D96A6200608A9F /* SFCompactText-Bold.otf in Resources */,
				BE0FA77820B6734200DBC191 /* Main.storyboard in Resources */,
			);
			runOnlyForDeploymentPostprocessing = 0;
		};
/* End PBXResourcesBuildPhase section */

/* Begin PBXShellScriptBuildPhase section */
		A52BC60AF3B45598E65FCB5E /* [CP] Embed Pods Frameworks */ = {
			isa = PBXShellScriptBuildPhase;
			buildActionMask = 2147483647;
			files = (
			);
			inputPaths = (
				"${SRCROOT}/Pods/Target Support Files/Pods-FIRE/Pods-FIRE-frameworks.sh",
				"${BUILT_PRODUCTS_DIR}/IQKeyboardManagerSwift/IQKeyboardManagerSwift.framework",
			);
			name = "[CP] Embed Pods Frameworks";
			outputPaths = (
				"${TARGET_BUILD_DIR}/${FRAMEWORKS_FOLDER_PATH}/IQKeyboardManagerSwift.framework",
			);
			runOnlyForDeploymentPostprocessing = 0;
			shellPath = /bin/sh;
			shellScript = "\"${SRCROOT}/Pods/Target Support Files/Pods-FIRE/Pods-FIRE-frameworks.sh\"\n";
			showEnvVarsInLog = 0;
		};
		B5BB1FE032A501096597ED95 /* [CP] Check Pods Manifest.lock */ = {
			isa = PBXShellScriptBuildPhase;
			buildActionMask = 2147483647;
			files = (
			);
			inputPaths = (
				"${PODS_PODFILE_DIR_PATH}/Podfile.lock",
				"${PODS_ROOT}/Manifest.lock",
			);
			name = "[CP] Check Pods Manifest.lock";
			outputPaths = (
				"$(DERIVED_FILE_DIR)/Pods-FIRE-checkManifestLockResult.txt",
			);
			runOnlyForDeploymentPostprocessing = 0;
			shellPath = /bin/sh;
			shellScript = "diff \"${PODS_PODFILE_DIR_PATH}/Podfile.lock\" \"${PODS_ROOT}/Manifest.lock\" > /dev/null\nif [ $? != 0 ] ; then\n    # print error to STDERR\n    echo \"error: The sandbox is not in sync with the Podfile.lock. Run 'pod install' or update your CocoaPods installation.\" >&2\n    exit 1\nfi\n# This output is used by Xcode 'outputs' to avoid re-running this script phase.\necho \"SUCCESS\" > \"${SCRIPT_OUTPUT_FILE_0}\"\n";
			showEnvVarsInLog = 0;
		};
/* End PBXShellScriptBuildPhase section */

/* Begin PBXSourcesBuildPhase section */
		BE0FA76B20B6734200DBC191 /* Sources */ = {
			isa = PBXSourcesBuildPhase;
			buildActionMask = 2147483647;
			files = (
				BE6052FF2120CE4900D3AB3C /* GifImageHelper.swift in Sources */,
				BECA3EA220B894CA003A6E20 /* WelcomeViewController.swift in Sources */,
				BE2DAF9E2116454F00525169 /* FutureViewController.swift in Sources */,
				BE3A99772119E506006CF70B /* AppUtility.swift in Sources */,
				BE0FA77B20B6734200DBC191 /* FIRE.xcdatamodeld in Sources */,
				BECEAEBB20CEEC0800C8EF21 /* AboutYourFinancesViewController.swift in Sources */,
				BE2DAF9C211632AE00525169 /* PurposeViewController.swift in Sources */,
				BE0FA77320B6734200DBC191 /* AppDelegate.swift in Sources */,
				BECEAEB520CEEBAD00C8EF21 /* PowerViewController.swift in Sources */,
				BEC8A2D320D96BA500608A9F /* ColorHelper.swift in Sources */,
				BECEAEBD20CF7C1E00C8EF21 /* ResultsViewController.swift in Sources */,
			);
			runOnlyForDeploymentPostprocessing = 0;
		};
/* End PBXSourcesBuildPhase section */

/* Begin PBXVariantGroup section */
		BE0FA77620B6734200DBC191 /* Main.storyboard */ = {
			isa = PBXVariantGroup;
			children = (
				BE0FA77720B6734200DBC191 /* Base */,
			);
			name = Main.storyboard;
			sourceTree = "<group>";
		};
		BE0FA77E20B6734600DBC191 /* LaunchScreen.storyboard */ = {
			isa = PBXVariantGroup;
			children = (
				BE0FA77F20B6734600DBC191 /* Base */,
			);
			name = LaunchScreen.storyboard;
			sourceTree = "<group>";
		};
/* End PBXVariantGroup section */

/* Begin XCBuildConfiguration section */
		BE0FA78220B6734700DBC191 /* Debug */ = {
			isa = XCBuildConfiguration;
			buildSettings = {
				ALWAYS_SEARCH_USER_PATHS = NO;
				CLANG_ANALYZER_NONNULL = YES;
				CLANG_ANALYZER_NUMBER_OBJECT_CONVERSION = YES_AGGRESSIVE;
				CLANG_CXX_LANGUAGE_STANDARD = "gnu++14";
				CLANG_CXX_LIBRARY = "libc++";
				CLANG_ENABLE_MODULES = YES;
				CLANG_ENABLE_OBJC_ARC = YES;
				CLANG_ENABLE_OBJC_WEAK = YES;
				CLANG_WARN_BLOCK_CAPTURE_AUTORELEASING = YES;
				CLANG_WARN_BOOL_CONVERSION = YES;
				CLANG_WARN_COMMA = YES;
				CLANG_WARN_CONSTANT_CONVERSION = YES;
				CLANG_WARN_DEPRECATED_OBJC_IMPLEMENTATIONS = YES;
				CLANG_WARN_DIRECT_OBJC_ISA_USAGE = YES_ERROR;
				CLANG_WARN_DOCUMENTATION_COMMENTS = YES;
				CLANG_WARN_EMPTY_BODY = YES;
				CLANG_WARN_ENUM_CONVERSION = YES;
				CLANG_WARN_INFINITE_RECURSION = YES;
				CLANG_WARN_INT_CONVERSION = YES;
				CLANG_WARN_NON_LITERAL_NULL_CONVERSION = YES;
				CLANG_WARN_OBJC_IMPLICIT_RETAIN_SELF = YES;
				CLANG_WARN_OBJC_LITERAL_CONVERSION = YES;
				CLANG_WARN_OBJC_ROOT_CLASS = YES_ERROR;
				CLANG_WARN_RANGE_LOOP_ANALYSIS = YES;
				CLANG_WARN_STRICT_PROTOTYPES = YES;
				CLANG_WARN_SUSPICIOUS_MOVE = YES;
				CLANG_WARN_UNGUARDED_AVAILABILITY = YES_AGGRESSIVE;
				CLANG_WARN_UNREACHABLE_CODE = YES;
				CLANG_WARN__DUPLICATE_METHOD_MATCH = YES;
				CODE_SIGN_IDENTITY = "iPhone Developer";
				COPY_PHASE_STRIP = NO;
				DEBUG_INFORMATION_FORMAT = dwarf;
				ENABLE_STRICT_OBJC_MSGSEND = YES;
				ENABLE_TESTABILITY = YES;
				GCC_C_LANGUAGE_STANDARD = gnu11;
				GCC_DYNAMIC_NO_PIC = NO;
				GCC_NO_COMMON_BLOCKS = YES;
				GCC_OPTIMIZATION_LEVEL = 0;
				GCC_PREPROCESSOR_DEFINITIONS = (
					"DEBUG=1",
					"$(inherited)",
				);
				GCC_WARN_64_TO_32_BIT_CONVERSION = YES;
				GCC_WARN_ABOUT_RETURN_TYPE = YES_ERROR;
				GCC_WARN_UNDECLARED_SELECTOR = YES;
				GCC_WARN_UNINITIALIZED_AUTOS = YES_AGGRESSIVE;
				GCC_WARN_UNUSED_FUNCTION = YES;
				GCC_WARN_UNUSED_VARIABLE = YES;
				IPHONEOS_DEPLOYMENT_TARGET = 11.3;
				MTL_ENABLE_DEBUG_INFO = YES;
				ONLY_ACTIVE_ARCH = YES;
				SDKROOT = iphoneos;
				SWIFT_ACTIVE_COMPILATION_CONDITIONS = DEBUG;
				SWIFT_OPTIMIZATION_LEVEL = "-Onone";
			};
			name = Debug;
		};
		BE0FA78320B6734700DBC191 /* Release */ = {
			isa = XCBuildConfiguration;
			buildSettings = {
				ALWAYS_SEARCH_USER_PATHS = NO;
				CLANG_ANALYZER_NONNULL = YES;
				CLANG_ANALYZER_NUMBER_OBJECT_CONVERSION = YES_AGGRESSIVE;
				CLANG_CXX_LANGUAGE_STANDARD = "gnu++14";
				CLANG_CXX_LIBRARY = "libc++";
				CLANG_ENABLE_MODULES = YES;
				CLANG_ENABLE_OBJC_ARC = YES;
				CLANG_ENABLE_OBJC_WEAK = YES;
				CLANG_WARN_BLOCK_CAPTURE_AUTORELEASING = YES;
				CLANG_WARN_BOOL_CONVERSION = YES;
				CLANG_WARN_COMMA = YES;
				CLANG_WARN_CONSTANT_CONVERSION = YES;
				CLANG_WARN_DEPRECATED_OBJC_IMPLEMENTATIONS = YES;
				CLANG_WARN_DIRECT_OBJC_ISA_USAGE = YES_ERROR;
				CLANG_WARN_DOCUMENTATION_COMMENTS = YES;
				CLANG_WARN_EMPTY_BODY = YES;
				CLANG_WARN_ENUM_CONVERSION = YES;
				CLANG_WARN_INFINITE_RECURSION = YES;
				CLANG_WARN_INT_CONVERSION = YES;
				CLANG_WARN_NON_LITERAL_NULL_CONVERSION = YES;
				CLANG_WARN_OBJC_IMPLICIT_RETAIN_SELF = YES;
				CLANG_WARN_OBJC_LITERAL_CONVERSION = YES;
				CLANG_WARN_OBJC_ROOT_CLASS = YES_ERROR;
				CLANG_WARN_RANGE_LOOP_ANALYSIS = YES;
				CLANG_WARN_STRICT_PROTOTYPES = YES;
				CLANG_WARN_SUSPICIOUS_MOVE = YES;
				CLANG_WARN_UNGUARDED_AVAILABILITY = YES_AGGRESSIVE;
				CLANG_WARN_UNREACHABLE_CODE = YES;
				CLANG_WARN__DUPLICATE_METHOD_MATCH = YES;
				CODE_SIGN_IDENTITY = "iPhone Developer";
				COPY_PHASE_STRIP = NO;
				DEBUG_INFORMATION_FORMAT = "dwarf-with-dsym";
				ENABLE_NS_ASSERTIONS = NO;
				ENABLE_STRICT_OBJC_MSGSEND = YES;
				GCC_C_LANGUAGE_STANDARD = gnu11;
				GCC_NO_COMMON_BLOCKS = YES;
				GCC_WARN_64_TO_32_BIT_CONVERSION = YES;
				GCC_WARN_ABOUT_RETURN_TYPE = YES_ERROR;
				GCC_WARN_UNDECLARED_SELECTOR = YES;
				GCC_WARN_UNINITIALIZED_AUTOS = YES_AGGRESSIVE;
				GCC_WARN_UNUSED_FUNCTION = YES;
				GCC_WARN_UNUSED_VARIABLE = YES;
				IPHONEOS_DEPLOYMENT_TARGET = 11.3;
				MTL_ENABLE_DEBUG_INFO = NO;
				SDKROOT = iphoneos;
				SWIFT_COMPILATION_MODE = wholemodule;
				SWIFT_OPTIMIZATION_LEVEL = "-O";
				VALIDATE_PRODUCT = YES;
			};
			name = Release;
		};
		BE0FA78520B6734700DBC191 /* Debug */ = {
			isa = XCBuildConfiguration;
			baseConfigurationReference = 5588AE77724961C17FC566CC /* Pods-FIRE.debug.xcconfig */;
			buildSettings = {
				ASSETCATALOG_COMPILER_APPICON_NAME = AppIcon;
				CODE_SIGN_STYLE = Automatic;
				DEVELOPMENT_TEAM = XUF99SR6PQ;
				INFOPLIST_FILE = FIRE/resources/Info.plist;
				LD_RUNPATH_SEARCH_PATHS = (
					"$(inherited)",
					"@executable_path/Frameworks",
				);
				PRODUCT_BUNDLE_IDENTIFIER = com.TylerClonts.FIRE;
				PRODUCT_NAME = "$(TARGET_NAME)";
				SWIFT_VERSION = 4.0;
				TARGETED_DEVICE_FAMILY = "1,2";
			};
			name = Debug;
		};
		BE0FA78620B6734700DBC191 /* Release */ = {
			isa = XCBuildConfiguration;
			baseConfigurationReference = 62CE916B00C969D4C2AAC3D1 /* Pods-FIRE.release.xcconfig */;
			buildSettings = {
				ASSETCATALOG_COMPILER_APPICON_NAME = AppIcon;
				CODE_SIGN_STYLE = Automatic;
				DEVELOPMENT_TEAM = XUF99SR6PQ;
				INFOPLIST_FILE = FIRE/resources/Info.plist;
				LD_RUNPATH_SEARCH_PATHS = (
					"$(inherited)",
					"@executable_path/Frameworks",
				);
				PRODUCT_BUNDLE_IDENTIFIER = com.TylerClonts.FIRE;
				PRODUCT_NAME = "$(TARGET_NAME)";
				SWIFT_VERSION = 4.0;
				TARGETED_DEVICE_FAMILY = "1,2";
			};
			name = Release;
		};
/* End XCBuildConfiguration section */

/* Begin XCConfigurationList section */
		BE0FA76A20B6734200DBC191 /* Build configuration list for PBXProject "FIRE" */ = {
			isa = XCConfigurationList;
			buildConfigurations = (
				BE0FA78220B6734700DBC191 /* Debug */,
				BE0FA78320B6734700DBC191 /* Release */,
			);
			defaultConfigurationIsVisible = 0;
			defaultConfigurationName = Release;
		};
		BE0FA78420B6734700DBC191 /* Build configuration list for PBXNativeTarget "FIRE" */ = {
			isa = XCConfigurationList;
			buildConfigurations = (
				BE0FA78520B6734700DBC191 /* Debug */,
				BE0FA78620B6734700DBC191 /* Release */,
			);
			defaultConfigurationIsVisible = 0;
			defaultConfigurationName = Release;
		};
/* End XCConfigurationList section */

/* Begin XCVersionGroup section */
		BE0FA77920B6734200DBC191 /* FIRE.xcdatamodeld */ = {
			isa = XCVersionGroup;
			children = (
				BE0FA77A20B6734200DBC191 /* FIRE.xcdatamodel */,
			);
			currentVersion = BE0FA77A20B6734200DBC191 /* FIRE.xcdatamodel */;
			path = FIRE.xcdatamodeld;
			sourceTree = "<group>";
			versionGroupType = wrapper.xcdatamodel;
		};
/* End XCVersionGroup section */
	};
	rootObject = BE0FA76720B6734200DBC191 /* Project object */;
}
